// !$*UTF8*$!
{
	archiveVersion = 1;
	classes = {
	};
	objectVersion = 48;
	objects = {

/* Begin PBXBuildFile section */
		B32DFA4D200F304E00AA0846 /* AppDelegate.swift in Sources */ = {isa = PBXBuildFile; fileRef = B32DFA4C200F304E00AA0846 /* AppDelegate.swift */; };
		B32DFA4F200F304E00AA0846 /* ViewController.swift in Sources */ = {isa = PBXBuildFile; fileRef = B32DFA4E200F304E00AA0846 /* ViewController.swift */; };
		B32DFA52200F304E00AA0846 /* Main.storyboard in Resources */ = {isa = PBXBuildFile; fileRef = B32DFA50200F304E00AA0846 /* Main.storyboard */; };
		B32DFA54200F304E00AA0846 /* Assets.xcassets in Resources */ = {isa = PBXBuildFile; fileRef = B32DFA53200F304E00AA0846 /* Assets.xcassets */; };
		B32DFA57200F304E00AA0846 /* LaunchScreen.storyboard in Resources */ = {isa = PBXBuildFile; fileRef = B32DFA55200F304E00AA0846 /* LaunchScreen.storyboard */; };
		B32DFA5F200F370800AA0846 /* MapForItinerary.swift in Sources */ = {isa = PBXBuildFile; fileRef = B32DFA5E200F370800AA0846 /* MapForItinerary.swift */; };
/* End PBXBuildFile section */

/* Begin PBXFileReference section */
		B32DFA49200F304E00AA0846 /* GitWork.app */ = {isa = PBXFileReference; explicitFileType = wrapper.application; includeInIndex = 0; path = GitWork.app; sourceTree = BUILT_PRODUCTS_DIR; };
		B32DFA4C200F304E00AA0846 /* AppDelegate.swift */ = {isa = PBXFileReference; lastKnownFileType = sourcecode.swift; path = AppDelegate.swift; sourceTree = "<group>"; };
		B32DFA4E200F304E00AA0846 /* ViewController.swift */ = {isa = PBXFileReference; lastKnownFileType = sourcecode.swift; path = ViewController.swift; sourceTree = "<group>"; };
		B32DFA51200F304E00AA0846 /* Base */ = {isa = PBXFileReference; lastKnownFileType = file.storyboard; name = Base; path = Base.lproj/Main.storyboard; sourceTree = "<group>"; };
		B32DFA53200F304E00AA0846 /* Assets.xcassets */ = {isa = PBXFileReference; lastKnownFileType = folder.assetcatalog; path = Assets.xcassets; sourceTree = "<group>"; };
		B32DFA56200F304E00AA0846 /* Base */ = {isa = PBXFileReference; lastKnownFileType = file.storyboard; name = Base; path = Base.lproj/LaunchScreen.storyboard; sourceTree = "<group>"; };
		B32DFA58200F304E00AA0846 /* Info.plist */ = {isa = PBXFileReference; lastKnownFileType = text.plist.xml; path = Info.plist; sourceTree = "<group>"; };
		B32DFA5E200F370800AA0846 /* MapForItinerary.swift */ = {isa = PBXFileReference; lastKnownFileType = sourcecode.swift; path = MapForItinerary.swift; sourceTree = "<group>"; };
/* End PBXFileReference section */

/* Begin PBXFrameworksBuildPhase section */
		B32DFA46200F304E00AA0846 /* Frameworks */ = {
			isa = PBXFrameworksBuildPhase;
			buildActionMask = 2147483647;
			files = (
			);
			runOnlyForDeploymentPostprocessing = 0;
		};
/* End PBXFrameworksBuildPhase section */

/* Begin PBXGroup section */
		B32DFA40200F304E00AA0846 = {
			isa = PBXGroup;
			children = (
				B32DFA4B200F304E00AA0846 /* GitWork */,
				B32DFA4A200F304E00AA0846 /* Products */,
			);
			sourceTree = "<group>";
		};
		B32DFA4A200F304E00AA0846 /* Products */ = {
			isa = PBXGroup;
			children = (
				B32DFA49200F304E00AA0846 /* GitWork.app */,
			);
			name = Products;
			sourceTree = "<group>";
		};
		B32DFA4B200F304E00AA0846 /* GitWork */ = {
			isa = PBXGroup;
			children = (
				B32DFA4C200F304E00AA0846 /* AppDelegate.swift */,
				B32DFA4E200F304E00AA0846 /* ViewController.swift */,
				B32DFA5E200F370800AA0846 /* MapForItinerary.swift */,
				B32DFA50200F304E00AA0846 /* Main.storyboard */,
				B32DFA53200F304E00AA0846 /* Assets.xcassets */,
				B32DFA55200F304E00AA0846 /* LaunchScreen.storyboard */,
				B32DFA58200F304E00AA0846 /* Info.plist */,
			);
			path = GitWork;
			sourceTree = "<group>";
		};
/* End PBXGroup section */

/* Begin PBXNativeTarget section */
		B32DFA48200F304E00AA0846 /* GitWork */ = {
			isa = PBXNativeTarget;
			buildConfigurationList = B32DFA5B200F304E00AA0846 /* Build configuration list for PBXNativeTarget "GitWork" */;
			buildPhases = (
				B32DFA45200F304E00AA0846 /* Sources */,
				B32DFA46200F304E00AA0846 /* Frameworks */,
				B32DFA47200F304E00AA0846 /* Resources */,
			);
			buildRules = (
			);
			dependencies = (
			);
			name = GitWork;
			productName = GitWork;
			productReference = B32DFA49200F304E00AA0846 /* GitWork.app */;
			productType = "com.apple.product-type.application";
		};
/* End PBXNativeTarget section */

/* Begin PBXProject section */
		B32DFA41200F304E00AA0846 /* Project object */ = {
			isa = PBXProject;
			attributes = {
				LastSwiftUpdateCheck = 0920;
				LastUpgradeCheck = 0920;
				ORGANIZATIONNAME = Zeeshan;
				TargetAttributes = {
					B32DFA48200F304E00AA0846 = {
						CreatedOnToolsVersion = 9.2;
						ProvisioningStyle = Automatic;
					};
				};
			};
			buildConfigurationList = B32DFA44200F304E00AA0846 /* Build configuration list for PBXProject "GitWork" */;
			compatibilityVersion = "Xcode 8.0";
			developmentRegion = en;
			hasScannedForEncodings = 0;
			knownRegions = (
				en,
				Base,
			);
			mainGroup = B32DFA40200F304E00AA0846;
			productRefGroup = B32DFA4A200F304E00AA0846 /* Products */;
			projectDirPath = "";
			projectRoot = "";
			targets = (
				B32DFA48200F304E00AA0846 /* GitWork */,
			);
		};
/* End PBXProject section */

/* Begin PBXResourcesBuildPhase section */
		B32DFA47200F304E00AA0846 /* Resources */ = {
			isa = PBXResourcesBuildPhase;
			buildActionMask = 2147483647;
			files = (
				B32DFA57200F304E00AA0846 /* LaunchScreen.storyboard in Resources */,
				B32DFA54200F304E00AA0846 /* Assets.xcassets in Resources */,
				B32DFA52200F304E00AA0846 /* Main.storyboard in Resources */,
			);
			runOnlyForDeploymentPostprocessing = 0;
		};
/* End PBXResourcesBuildPhase section */

/* Begin PBXSourcesBuildPhase section */
		B32DFA45200F304E00AA0846 /* Sources */ = {
			isa = PBXSourcesBuildPhase;
			buildActionMask = 2147483647;
			files = (
				B32DFA4F200F304E00AA0846 /* ViewController.swift in Sources */,
				B32DFA4D200F304E00AA0846 /* AppDelegate.swift in Sources */,
				B32DFA5F200F370800AA0846 /* MapForItinerary.swift in Sources */,
			);
			runOnlyForDeploymentPostprocessing = 0;
		};
/* End PBXSourcesBuildPhase section */

/* Begin PBXVariantGroup section */
		B32DFA50200F304E00AA0846 /* Main.storyboard */ = {
			isa = PBXVariantGroup;
			children = (
				B32DFA51200F304E00AA0846 /* Base */,
			);
			name = Main.storyboard;
			sourceTree = "<group>";
		};
		B32DFA55200F304E00AA0846 /* LaunchScreen.storyboard */ = {
			isa = PBXVariantGroup;
			children = (
				B32DFA56200F304E00AA0846 /* Base */,
			);
			name = LaunchScreen.storyboard;
			sourceTree = "<group>";
		};
/* End PBXVariantGroup section */

/* Begin XCBuildConfiguration section */
		B32DFA59200F304E00AA0846 /* Debug */ = {
			isa = XCBuildConfiguration;
			buildSettings = {
				ALWAYS_SEARCH_USER_PATHS = NO;
				CLANG_ANALYZER_NONNULL = YES;
				CLANG_ANALYZER_NUMBER_OBJECT_CONVERSION = YES_AGGRESSIVE;
				CLANG_CXX_LANGUAGE_STANDARD = "gnu++14";
				CLANG_CXX_LIBRARY = "libc++";
				CLANG_ENABLE_MODULES = YES;
				CLANG_ENABLE_OBJC_ARC = YES;
				CLANG_WARN_BLOCK_CAPTURE_AUTORELEASING = YES;
				CLANG_WARN_BOOL_CONVERSION = YES;
				CLANG_WARN_COMMA = YES;
				CLANG_WARN_CONSTANT_CONVERSION = YES;
				CLANG_WARN_DIRECT_OBJC_ISA_USAGE = YES_ERROR;
				CLANG_WARN_DOCUMENTATION_COMMENTS = YES;
				CLANG_WARN_EMPTY_BODY = YES;
				CLANG_WARN_ENUM_CONVERSION = YES;
				CLANG_WARN_INFINITE_RECURSION = YES;
				CLANG_WARN_INT_CONVERSION = YES;
				CLANG_WARN_NON_LITERAL_NULL_CONVERSION = YES;
				CLANG_WARN_OBJC_LITERAL_CONVERSION = YES;
				CLANG_WARN_OBJC_ROOT_CLASS = YES_ERROR;
				CLANG_WARN_RANGE_LOOP_ANALYSIS = YES;
				CLANG_WARN_STRICT_PROTOTYPES = YES;
				CLANG_WARN_SUSPICIOUS_MOVE = YES;
				CLANG_WARN_UNGUARDED_AVAILABILITY = YES_AGGRESSIVE;
				CLANG_WARN_UNREACHABLE_CODE = YES;
				CLANG_WARN__DUPLICATE_METHOD_MATCH = YES;
				CODE_SIGN_IDENTITY = "iPhone Developer";
				COPY_PHASE_STRIP = NO;
				DEBUG_INFORMATION_FORMAT = dwarf;
				ENABLE_STRICT_OBJC_MSGSEND = YES;
				ENABLE_TESTABILITY = YES;
				GCC_C_LANGUAGE_STANDARD = gnu11;
				GCC_DYNAMIC_NO_PIC = NO;
				GCC_NO_COMMON_BLOCKS = YES;
				GCC_OPTIMIZATION_LEVEL = 0;
				GCC_PREPROCESSOR_DEFINITIONS = (
					"DEBUG=1",
					"$(inherited)",
				);
				GCC_WARN_64_TO_32_BIT_CONVERSION = YES;
				GCC_WARN_ABOUT_RETURN_TYPE = YES_ERROR;
				GCC_WARN_UNDECLARED_SELECTOR = YES;
				GCC_WARN_UNINITIALIZED_AUTOS = YES_AGGRESSIVE;
				GCC_WARN_UNUSED_FUNCTION = YES;
				GCC_WARN_UNUSED_VARIABLE = YES;
				IPHONEOS_DEPLOYMENT_TARGET = 11.2;
				MTL_ENABLE_DEBUG_INFO = YES;
				ONLY_ACTIVE_ARCH = YES;
				SDKROOT = iphoneos;
				SWIFT_ACTIVE_COMPILATION_CONDITIONS = DEBUG;
				SWIFT_OPTIMIZATION_LEVEL = "-Onone";
			};
			name = Debug;
		};
		B32DFA5A200F304E00AA0846 /* Release */ = {
			isa = XCBuildConfiguration;
			buildSettings = {
				ALWAYS_SEARCH_USER_PATHS = NO;
				CLANG_ANALYZER_NONNULL = YES;
				CLANG_ANALYZER_NUMBER_OBJECT_CONVERSION = YES_AGGRESSIVE;
				CLANG_CXX_LANGUAGE_STANDARD = "gnu++14";
				CLANG_CXX_LIBRARY = "libc++";
				CLANG_ENABLE_MODULES = YES;
				CLANG_ENABLE_OBJC_ARC = YES;
				CLANG_WARN_BLOCK_CAPTURE_AUTORELEASING = YES;
				CLANG_WARN_BOOL_CONVERSION = YES;
				CLANG_WARN_COMMA = YES;
				CLANG_WARN_CONSTANT_CONVERSION = YES;
				CLANG_WARN_DIRECT_OBJC_ISA_USAGE = YES_ERROR;
				CLANG_WARN_DOCUMENTATION_COMMENTS = YES;
				CLANG_WARN_EMPTY_BODY = YES;
				CLANG_WARN_ENUM_CONVERSION = YES;
				CLANG_WARN_INFINITE_RECURSION = YES;
				CLANG_WARN_INT_CONVERSION = YES;
				CLANG_WARN_NON_LITERAL_NULL_CONVERSION = YES;
				CLANG_WARN_OBJC_LITERAL_CONVERSION = YES;
				CLANG_WARN_OBJC_ROOT_CLASS = YES_ERROR;
				CLANG_WARN_RANGE_LOOP_ANALYSIS = YES;
				CLANG_WARN_STRICT_PROTOTYPES = YES;
				CLANG_WARN_SUSPICIOUS_MOVE = YES;
				CLANG_WARN_UNGUARDED_AVAILABILITY = YES_AGGRESSIVE;
				CLANG_WARN_UNREACHABLE_CODE = YES;
				CLANG_WARN__DUPLICATE_METHOD_MATCH = YES;
				CODE_SIGN_IDENTITY = "iPhone Developer";
				COPY_PHASE_STRIP = NO;
				DEBUG_INFORMATION_FORMAT = "dwarf-with-dsym";
				ENABLE_NS_ASSERTIONS = NO;
				ENABLE_STRICT_OBJC_MSGSEND = YES;
				GCC_C_LANGUAGE_STANDARD = gnu11;
				GCC_NO_COMMON_BLOCKS = YES;
				GCC_WARN_64_TO_32_BIT_CONVERSION = YES;
				GCC_WARN_ABOUT_RETURN_TYPE = YES_ERROR;
				GCC_WARN_UNDECLARED_SELECTOR = YES;
				GCC_WARN_UNINITIALIZED_AUTOS = YES_AGGRESSIVE;
				GCC_WARN_UNUSED_FUNCTION = YES;
				GCC_WARN_UNUSED_VARIABLE = YES;
				IPHONEOS_DEPLOYMENT_TARGET = 11.2;
				MTL_ENABLE_DEBUG_INFO = NO;
				SDKROOT = iphoneos;
				SWIFT_OPTIMIZATION_LEVEL = "-Owholemodule";
				VALIDATE_PRODUCT = YES;
			};
			name = Release;
		};
		B32DFA5C200F304E00AA0846 /* Debug */ = {
			isa = XCBuildConfiguration;
			buildSettings = {
				ASSETCATALOG_COMPILER_APPICON_NAME = AppIcon;
				CODE_SIGN_STYLE = Automatic;
				DEVELOPMENT_TEAM = CU4XXBEZJ8;
				INFOPLIST_FILE = GitWork/Info.plist;
				LD_RUNPATH_SEARCH_PATHS = "$(inherited) @executable_path/Frameworks";
				PRODUCT_BUNDLE_IDENTIFIER = DigiTech.GitWork;
				PRODUCT_NAME = "$(TARGET_NAME)";
				SWIFT_VERSION = 4.0;
				TARGETED_DEVICE_FAMILY = "1,2";
			};
			name = Debug;
		};
		B32DFA5D200F304E00AA0846 /* Release */ = {
			isa = XCBuildConfiguration;
			buildSettings = {
				ASSETCATALOG_COMPILER_APPICON_NAME = AppIcon;
				CODE_SIGN_STYLE = Automatic;
				DEVELOPMENT_TEAM = CU4XXBEZJ8;
				INFOPLIST_FILE = GitWork/Info.plist;
				LD_RUNPATH_SEARCH_PATHS = "$(inherited) @executable_path/Frameworks";
				PRODUCT_BUNDLE_IDENTIFIER = DigiTech.GitWork;
				PRODUCT_NAME = "$(TARGET_NAME)";
				SWIFT_VERSION = 4.0;
				TARGETED_DEVICE_FAMILY = "1,2";
			};
			name = Release;
		};
/* End XCBuildConfiguration section */

/* Begin XCConfigurationList section */
		B32DFA44200F304E00AA0846 /* Build configuration list for PBXProject "GitWork" */ = {
			isa = XCConfigurationList;
			buildConfigurations = (
				B32DFA59200F304E00AA0846 /* Debug */,
				B32DFA5A200F304E00AA0846 /* Release */,
			);
			defaultConfigurationIsVisible = 0;
			defaultConfigurationName = Release;
		};
		B32DFA5B200F304E00AA0846 /* Build configuration list for PBXNativeTarget "GitWork" */ = {
			isa = XCConfigurationList;
			buildConfigurations = (
				B32DFA5C200F304E00AA0846 /* Debug */,
				B32DFA5D200F304E00AA0846 /* Release */,
			);
			defaultConfigurationIsVisible = 0;
			defaultConfigurationName = Release;
		};
/* End XCConfigurationList section */
	};
	rootObject = B32DFA41200F304E00AA0846 /* Project object */;
}
